
Microsoft Visual Studio Solution File, Format Version 12.00
# Visual Studio 15
VisualStudioVersion = 15.0.26730.16
MinimumVisualStudioVersion = 10.0.40219.1
Project("{FAE04EC0-301F-11D3-BF4B-00C04F79EFBC}") = "MiniSRC_ASM_CMD", "MiniSRC_ASM_CMD\MiniSRC_ASM_CMD.csproj", "{78712F82-A8B8-4DE4-A1CF-13647A954E2D}"
EndProject
Global
	GlobalSection(SolutionConfigurationPlatforms) = preSolution
		Debug|Any CPU = Debug|Any CPU
		Release|Any CPU = Release|Any CPU
	EndGlobalSection
	GlobalSection(ProjectConfigurationPlatforms) = postSolution
		{78712F82-A8B8-4DE4-A1CF-13647A954E2D}.Debug|Any CPU.ActiveCfg = Debug|Any CPU
		{78712F82-A8B8-4DE4-A1CF-13647A954E2D}.Debug|Any CPU.Build.0 = Debug|Any CPU
		{78712F82-A8B8-4DE4-A1CF-13647A954E2D}.Release|Any CPU.ActiveCfg = Release|Any CPU
		{78712F82-A8B8-4DE4-A1CF-13647A954E2D}.Release|Any CPU.Build.0 = Release|Any CPU
	EndGlobalSection
	GlobalSection(SolutionProperties) = preSolution
		HideSolutionNode = FALSE
	EndGlobalSection
	GlobalSection(ExtensibilityGlobals) = postSolution
		SolutionGuid = {35F3698E-5F18-43DB-B803-4918F7EC7A7E}
	EndGlobalSection
EndGlobal
